// !$*UTF8*$!
{
	archiveVersion = 1;
	classes = {
	};
	objectVersion = 46;
	objects = {

/* Begin PBXBuildFile section */
		991924A51B5A6239006E38A2 /* wl.cpp in Sources */ = {isa = PBXBuildFile; fileRef = 991924A41B5A6239006E38A2 /* wl.cpp */; };
		99AD27151B601A2D00C5752B /* main.cpp in Sources */ = {isa = PBXBuildFile; fileRef = 99AD26FA1B6017CA00C5752B /* main.cpp */; };
/* End PBXBuildFile section */

/* Begin PBXCopyFilesBuildPhase section */
		9919249F1B5A6239006E38A2 /* CopyFiles */ = {
			isa = PBXCopyFilesBuildPhase;
			buildActionMask = 2147483647;
			dstPath = /usr/share/man/man1/;
			dstSubfolderSpec = 0;
			files = (
			);
			runOnlyForDeploymentPostprocessing = 1;
		};
		99AD270E1B60196600C5752B /* CopyFiles */ = {
			isa = PBXCopyFilesBuildPhase;
			buildActionMask = 2147483647;
			dstPath = /usr/share/man/man1/;
			dstSubfolderSpec = 0;
			files = (
			);
			runOnlyForDeploymentPostprocessing = 1;
		};
/* End PBXCopyFilesBuildPhase section */

/* Begin PBXFileReference section */
		991924A11B5A6239006E38A2 /* wanglandau */ = {isa = PBXFileReference; explicitFileType = "compiled.mach-o.executable"; includeInIndex = 0; path = wanglandau; sourceTree = BUILT_PRODUCTS_DIR; };
		991924A41B5A6239006E38A2 /* wl.cpp */ = {isa = PBXFileReference; lastKnownFileType = sourcecode.cpp.cpp; path = wl.cpp; sourceTree = "<group>"; };
		99AD26E01B5BD9AA00C5752B /* HypercubicIsingSystem.h */ = {isa = PBXFileReference; lastKnownFileType = sourcecode.c.h; name = HypercubicIsingSystem.h; path = include/System/HypercubicIsingSystem.h; sourceTree = "<group>"; };
		99AD26E31B5BD9D200C5752B /* System.h */ = {isa = PBXFileReference; lastKnownFileType = sourcecode.c.h; name = System.h; path = include/System.h; sourceTree = "<group>"; };
		99AD26E41B5BD9DE00C5752B /* pow.h */ = {isa = PBXFileReference; lastKnownFileType = sourcecode.c.h; name = pow.h; path = include/utils/functions/pow.h; sourceTree = "<group>"; };
		99AD26E81B5BDD7A00C5752B /* WangLandau.h */ = {isa = PBXFileReference; lastKnownFileType = sourcecode.c.h; name = WangLandau.h; path = include/Algorithm/WangLandau.h; sourceTree = "<group>"; };
		99AD26EA1B5BDD8800C5752B /* Algorithm.h */ = {isa = PBXFileReference; lastKnownFileType = sourcecode.c.h; name = Algorithm.h; path = include/Algorithm.h; sourceTree = "<group>"; };
		99AD26EC1B5BF73F00C5752B /* mod.h */ = {isa = PBXFileReference; lastKnownFileType = sourcecode.c.h; name = mod.h; path = include/utils/functions/mod.h; sourceTree = "<group>"; };
		99AD26EE1B5D6CE600C5752B /* HypercubicGrid.h */ = {isa = PBXFileReference; lastKnownFileType = sourcecode.c.h; name = HypercubicGrid.h; path = include/utils/Grid/HypercubicGrid.h; sourceTree = "<group>"; };
		99AD26F01B5D6D2100C5752B /* Grid.h */ = {isa = PBXFileReference; lastKnownFileType = sourcecode.c.h; name = Grid.h; path = include/utils/Grid.h; sourceTree = "<group>"; };
		99AD26FA1B6017CA00C5752B /* main.cpp */ = {isa = PBXFileReference; lastKnownFileType = sourcecode.cpp.cpp; path = main.cpp; sourceTree = "<group>"; };
		99AD27121B60196600C5752B /* test_hypercubicGrid */ = {isa = PBXFileReference; explicitFileType = "compiled.mach-o.executable"; includeInIndex = 0; path = test_hypercubicGrid; sourceTree = BUILT_PRODUCTS_DIR; };
		99AD27161B603D3700C5752B /* result_of.h */ = {isa = PBXFileReference; lastKnownFileType = sourcecode.c.h; name = result_of.h; path = include/utils/result_of.h; sourceTree = "<group>"; };
		99CD21831B68636900B50A8E /* options.h */ = {isa = PBXFileReference; fileEncoding = 4; lastKnownFileType = sourcecode.c.h; path = options.h; sourceTree = "<group>"; };
		99CD21851B68689D00B50A8E /* wlConfig.h */ = {isa = PBXFileReference; lastKnownFileType = sourcecode.c.h; path = wlConfig.h; sourceTree = "<group>"; };
		99CD21861B6A3D6000B50A8E /* HypercubicIsingState.h */ = {isa = PBXFileReference; lastKnownFileType = sourcecode.c.h; name = HypercubicIsingState.h; path = include/State/HypercubicIsingState.h; sourceTree = "<group>"; };
/* End PBXFileReference section */

/* Begin PBXFrameworksBuildPhase section */
		9919249E1B5A6239006E38A2 /* Frameworks */ = {
			isa = PBXFrameworksBuildPhase;
			buildActionMask = 2147483647;
			files = (
			);
			runOnlyForDeploymentPostprocessing = 0;
		};
		99AD270D1B60196600C5752B /* Frameworks */ = {
			isa = PBXFrameworksBuildPhase;
			buildActionMask = 2147483647;
			files = (
			);
			runOnlyForDeploymentPostprocessing = 0;
		};
/* End PBXFrameworksBuildPhase section */

/* Begin PBXGroup section */
		991924981B5A6239006E38A2 = {
			isa = PBXGroup;
			children = (
				991924A31B5A6239006E38A2 /* wanglandau */,
				99AD26F91B6017CA00C5752B /* test_HypercubicGrid */,
				991924A21B5A6239006E38A2 /* Products */,
			);
			sourceTree = "<group>";
		};
		991924A21B5A6239006E38A2 /* Products */ = {
			isa = PBXGroup;
			children = (
				991924A11B5A6239006E38A2 /* wanglandau */,
				99AD27121B60196600C5752B /* test_hypercubicGrid */,
			);
			name = Products;
			sourceTree = "<group>";
		};
		991924A31B5A6239006E38A2 /* wanglandau */ = {
			isa = PBXGroup;
			children = (
				991924A41B5A6239006E38A2 /* wl.cpp */,
				99CD21851B68689D00B50A8E /* wlConfig.h */,
				99CD21831B68636900B50A8E /* options.h */,
				99AD26E71B5BDA0700C5752B /* System */,
				99AD26E61B5BDA0200C5752B /* State */,
				99AD26E91B5BDD8100C5752B /* Algorithm */,
				99AD26E31B5BD9D200C5752B /* System.h */,
				99AD26EA1B5BDD8800C5752B /* Algorithm.h */,
				99AD26E51B5BD9E400C5752B /* utils */,
			);
			path = wanglandau;
			sourceTree = "<group>";
		};
		99AD26E51B5BD9E400C5752B /* utils */ = {
			isa = PBXGroup;
			children = (
				99AD26F01B5D6D2100C5752B /* Grid.h */,
				99AD26F11B5FE68A00C5752B /* Grid */,
				99AD27171B603D7500C5752B /* functions */,
				99AD27161B603D3700C5752B /* result_of.h */,
			);
			name = utils;
			sourceTree = "<group>";
		};
		99AD26E61B5BDA0200C5752B /* State */ = {
			isa = PBXGroup;
			children = (
				99CD21861B6A3D6000B50A8E /* HypercubicIsingState.h */,
			);
			name = State;
			sourceTree = "<group>";
		};
		99AD26E71B5BDA0700C5752B /* System */ = {
			isa = PBXGroup;
			children = (
				99AD26E01B5BD9AA00C5752B /* HypercubicIsingSystem.h */,
			);
			name = System;
			sourceTree = "<group>";
		};
		99AD26E91B5BDD8100C5752B /* Algorithm */ = {
			isa = PBXGroup;
			children = (
				99AD26E81B5BDD7A00C5752B /* WangLandau.h */,
			);
			name = Algorithm;
			sourceTree = "<group>";
		};
		99AD26F11B5FE68A00C5752B /* Grid */ = {
			isa = PBXGroup;
			children = (
				99AD26EE1B5D6CE600C5752B /* HypercubicGrid.h */,
			);
			name = Grid;
			sourceTree = "<group>";
		};
		99AD26F91B6017CA00C5752B /* test_HypercubicGrid */ = {
			isa = PBXGroup;
			children = (
				99AD26FA1B6017CA00C5752B /* main.cpp */,
			);
			path = test_HypercubicGrid;
			sourceTree = "<group>";
		};
		99AD27171B603D7500C5752B /* functions */ = {
			isa = PBXGroup;
			children = (
				99AD26E41B5BD9DE00C5752B /* pow.h */,
				99AD26EC1B5BF73F00C5752B /* mod.h */,
			);
			name = functions;
			sourceTree = "<group>";
		};
/* End PBXGroup section */

/* Begin PBXNativeTarget section */
		991924A01B5A6239006E38A2 /* wanglandau */ = {
			isa = PBXNativeTarget;
			buildConfigurationList = 991924A81B5A6239006E38A2 /* Build configuration list for PBXNativeTarget "wanglandau" */;
			buildPhases = (
				9919249D1B5A6239006E38A2 /* Sources */,
				9919249E1B5A6239006E38A2 /* Frameworks */,
				9919249F1B5A6239006E38A2 /* CopyFiles */,
			);
			buildRules = (
			);
			dependencies = (
			);
			name = wanglandau;
			productName = wanglandau;
			productReference = 991924A11B5A6239006E38A2 /* wanglandau */;
			productType = "com.apple.product-type.tool";
		};
		99AD270A1B60196600C5752B /* test_hypercubicGrid */ = {
			isa = PBXNativeTarget;
			buildConfigurationList = 99AD270F1B60196600C5752B /* Build configuration list for PBXNativeTarget "test_hypercubicGrid" */;
			buildPhases = (
				99AD270B1B60196600C5752B /* Sources */,
				99AD270D1B60196600C5752B /* Frameworks */,
				99AD270E1B60196600C5752B /* CopyFiles */,
			);
			buildRules = (
			);
			dependencies = (
			);
			name = test_hypercubicGrid;
			productName = wanglandau;
			productReference = 99AD27121B60196600C5752B /* test_hypercubicGrid */;
			productType = "com.apple.product-type.tool";
		};
/* End PBXNativeTarget section */

/* Begin PBXProject section */
		991924991B5A6239006E38A2 /* Project object */ = {
			isa = PBXProject;
			attributes = {
				LastUpgradeCheck = 0640;
				ORGANIZATIONNAME = "Gianluca Salvato";
				TargetAttributes = {
					991924A01B5A6239006E38A2 = {
						CreatedOnToolsVersion = 6.4;
					};
				};
			};
			buildConfigurationList = 9919249C1B5A6239006E38A2 /* Build configuration list for PBXProject "wanglandau" */;
			compatibilityVersion = "Xcode 3.2";
			developmentRegion = English;
			hasScannedForEncodings = 0;
			knownRegions = (
				en,
			);
			mainGroup = 991924981B5A6239006E38A2;
			productRefGroup = 991924A21B5A6239006E38A2 /* Products */;
			projectDirPath = "";
			projectRoot = "";
			targets = (
				991924A01B5A6239006E38A2 /* wanglandau */,
				99AD270A1B60196600C5752B /* test_hypercubicGrid */,
			);
		};
/* End PBXProject section */

/* Begin PBXSourcesBuildPhase section */
		9919249D1B5A6239006E38A2 /* Sources */ = {
			isa = PBXSourcesBuildPhase;
			buildActionMask = 2147483647;
			files = (
				991924A51B5A6239006E38A2 /* wl.cpp in Sources */,
			);
			runOnlyForDeploymentPostprocessing = 0;
		};
		99AD270B1B60196600C5752B /* Sources */ = {
			isa = PBXSourcesBuildPhase;
			buildActionMask = 2147483647;
			files = (
				99AD27151B601A2D00C5752B /* main.cpp in Sources */,
			);
			runOnlyForDeploymentPostprocessing = 0;
		};
/* End PBXSourcesBuildPhase section */

/* Begin XCBuildConfiguration section */
		991924A61B5A6239006E38A2 /* Debug */ = {
			isa = XCBuildConfiguration;
			buildSettings = {
				ALWAYS_SEARCH_USER_PATHS = NO;
				CLANG_CXX_LANGUAGE_STANDARD = "gnu++0x";
				CLANG_CXX_LIBRARY = "libc++";
				CLANG_ENABLE_MODULES = YES;
				CLANG_ENABLE_OBJC_ARC = YES;
				CLANG_WARN_BOOL_CONVERSION = YES;
				CLANG_WARN_CONSTANT_CONVERSION = YES;
				CLANG_WARN_DIRECT_OBJC_ISA_USAGE = YES_ERROR;
				CLANG_WARN_EMPTY_BODY = YES;
				CLANG_WARN_ENUM_CONVERSION = YES;
				CLANG_WARN_INT_CONVERSION = YES;
				CLANG_WARN_OBJC_ROOT_CLASS = YES_ERROR;
				CLANG_WARN_UNREACHABLE_CODE = YES;
				CLANG_WARN__DUPLICATE_METHOD_MATCH = YES;
				COPY_PHASE_STRIP = NO;
				DEBUG_INFORMATION_FORMAT = dwarf;
				ENABLE_STRICT_OBJC_MSGSEND = YES;
				GCC_C_LANGUAGE_STANDARD = gnu11;
				GCC_DYNAMIC_NO_PIC = NO;
				GCC_NO_COMMON_BLOCKS = YES;
				GCC_OPTIMIZATION_LEVEL = 0;
				GCC_PREPROCESSOR_DEFINITIONS = (
					"DEBUG=1",
					"$(inherited)",
				);
				GCC_SYMBOLS_PRIVATE_EXTERN = NO;
				GCC_WARN_64_TO_32_BIT_CONVERSION = YES;
				GCC_WARN_ABOUT_RETURN_TYPE = YES_ERROR;
				GCC_WARN_UNDECLARED_SELECTOR = YES;
				GCC_WARN_UNINITIALIZED_AUTOS = YES_AGGRESSIVE;
				GCC_WARN_UNUSED_FUNCTION = YES;
				GCC_WARN_UNUSED_VARIABLE = YES;
				MACOSX_DEPLOYMENT_TARGET = 10.10;
				MTL_ENABLE_DEBUG_INFO = YES;
				ONLY_ACTIVE_ARCH = YES;
				SDKROOT = macosx;
			};
			name = Debug;
		};
		991924A71B5A6239006E38A2 /* Release */ = {
			isa = XCBuildConfiguration;
			buildSettings = {
				ALWAYS_SEARCH_USER_PATHS = NO;
				CLANG_CXX_LANGUAGE_STANDARD = "gnu++0x";
				CLANG_CXX_LIBRARY = "libc++";
				CLANG_ENABLE_MODULES = YES;
				CLANG_ENABLE_OBJC_ARC = YES;
				CLANG_WARN_BOOL_CONVERSION = YES;
				CLANG_WARN_CONSTANT_CONVERSION = YES;
				CLANG_WARN_DIRECT_OBJC_ISA_USAGE = YES_ERROR;
				CLANG_WARN_EMPTY_BODY = YES;
				CLANG_WARN_ENUM_CONVERSION = YES;
				CLANG_WARN_INT_CONVERSION = YES;
				CLANG_WARN_OBJC_ROOT_CLASS = YES_ERROR;
				CLANG_WARN_UNREACHABLE_CODE = YES;
				CLANG_WARN__DUPLICATE_METHOD_MATCH = YES;
				COPY_PHASE_STRIP = NO;
				DEBUG_INFORMATION_FORMAT = "dwarf-with-dsym";
				ENABLE_NS_ASSERTIONS = NO;
				ENABLE_STRICT_OBJC_MSGSEND = YES;
				GCC_C_LANGUAGE_STANDARD = gnu11;
				GCC_NO_COMMON_BLOCKS = YES;
				GCC_WARN_64_TO_32_BIT_CONVERSION = YES;
				GCC_WARN_ABOUT_RETURN_TYPE = YES_ERROR;
				GCC_WARN_UNDECLARED_SELECTOR = YES;
				GCC_WARN_UNINITIALIZED_AUTOS = YES_AGGRESSIVE;
				GCC_WARN_UNUSED_FUNCTION = YES;
				GCC_WARN_UNUSED_VARIABLE = YES;
				MACOSX_DEPLOYMENT_TARGET = 10.10;
				MTL_ENABLE_DEBUG_INFO = NO;
				SDKROOT = macosx;
			};
			name = Release;
		};
		991924A91B5A6239006E38A2 /* Debug */ = {
			isa = XCBuildConfiguration;
			buildSettings = {
				GCC_ENABLE_FLOATING_POINT_LIBRARY_CALLS = YES;
				GCC_FAST_MATH = NO;
				GCC_UNROLL_LOOPS = NO;
				LLVM_LTO = NO;
				PRODUCT_NAME = "$(TARGET_NAME)";
			};
			name = Debug;
		};
		991924AA1B5A6239006E38A2 /* Release */ = {
			isa = XCBuildConfiguration;
			buildSettings = {
				GCC_ENABLE_FLOATING_POINT_LIBRARY_CALLS = YES;
				GCC_FAST_MATH = YES;
				GCC_OPTIMIZATION_LEVEL = fast;
				GCC_UNROLL_LOOPS = YES;
				LLVM_LTO = YES;
				PRODUCT_NAME = "$(TARGET_NAME)";
			};
			name = Release;
		};
		99AD27101B60196600C5752B /* Debug */ = {
			isa = XCBuildConfiguration;
			buildSettings = {
				PRODUCT_NAME = test_hypercubicGrid;
			};
			name = Debug;
		};
		99AD27111B60196600C5752B /* Release */ = {
			isa = XCBuildConfiguration;
			buildSettings = {
				PRODUCT_NAME = test_hypercubicGrid;
			};
			name = Release;
		};
/* End XCBuildConfiguration section */

/* Begin XCConfigurationList section */
		9919249C1B5A6239006E38A2 /* Build configuration list for PBXProject "wanglandau" */ = {
			isa = XCConfigurationList;
			buildConfigurations = (
				991924A61B5A6239006E38A2 /* Debug */,
				991924A71B5A6239006E38A2 /* Release */,
			);
			defaultConfigurationIsVisible = 0;
			defaultConfigurationName = Release;
		};
		991924A81B5A6239006E38A2 /* Build configuration list for PBXNativeTarget "wanglandau" */ = {
			isa = XCConfigurationList;
			buildConfigurations = (
				991924A91B5A6239006E38A2 /* Debug */,
				991924AA1B5A6239006E38A2 /* Release */,
			);
			defaultConfigurationIsVisible = 0;
			defaultConfigurationName = Release;
		};
		99AD270F1B60196600C5752B /* Build configuration list for PBXNativeTarget "test_hypercubicGrid" */ = {
			isa = XCConfigurationList;
			buildConfigurations = (
				99AD27101B60196600C5752B /* Debug */,
				99AD27111B60196600C5752B /* Release */,
			);
			defaultConfigurationIsVisible = 0;
			defaultConfigurationName = Release;
		};
/* End XCConfigurationList section */
	};
	rootObject = 991924991B5A6239006E38A2 /* Project object */;
}
